
Microsoft Visual Studio Solution File, Format Version 12.00
# Visual Studio Version 17
VisualStudioVersion = 17.9.34902.65
MinimumVisualStudioVersion = 10.0.40219.1
Project("{FAE04EC0-301F-11D3-BF4B-00C04F79EFBC}") = "NoVNC", "NoVNC\NoVNC.csproj", "{3B154573-9311-4217-AC74-9A6D56F7DB34}"
EndProject
Global
	GlobalSection(SolutionConfigurationPlatforms) = preSolution
		Debug|Any CPU = Debug|Any CPU
		Release|Any CPU = Release|Any CPU
	EndGlobalSection
	GlobalSection(ProjectConfigurationPlatforms) = postSolution
		{3B154573-9311-4217-AC74-9A6D56F7DB34}.Debug|Any CPU.ActiveCfg = Debug|Any CPU
		{3B154573-9311-4217-AC74-9A6D56F7DB34}.Debug|Any CPU.Build.0 = Debug|Any CPU
		{3B154573-9311-4217-AC74-9A6D56F7DB34}.Release|Any CPU.ActiveCfg = Release|Any CPU
		{3B154573-9311-4217-AC74-9A6D56F7DB34}.Release|Any CPU.Build.0 = Release|Any CPU
	EndGlobalSection
	GlobalSection(SolutionProperties) = preSolution
		HideSolutionNode = FALSE
	EndGlobalSection
	GlobalSection(ExtensibilityGlobals) = postSolution
		SolutionGuid = {C64E99C3-47D1-441F-9839-3D37923950BA}
	EndGlobalSection
EndGlobal
